
Microsoft Visual Studio Solution File, Format Version 12.00
# Visual Studio Version 17
VisualStudioVersion = 17.12.35521.163 d17.12
MinimumVisualStudioVersion = 10.0.40219.1
Project("{FAE04EC0-301F-11D3-BF4B-00C04F79EFBC}") = "SemataryFabrick.Server", "SemataryFabrick\SemataryFabrick.Server.csproj", "{7BE61D5C-F4A8-4CB0-953C-1904ED6A7874}"
EndProject
Project("{FAE04EC0-301F-11D3-BF4B-00C04F79EFBC}") = "SemataryFabrick.Infrastructure", "SemataryFabrick.Infrastructure\SemataryFabrick.Infrastructure.csproj", "{A2394593-577C-4AFE-B4E4-1A521CA42495}"
EndProject
Project("{FAE04EC0-301F-11D3-BF4B-00C04F79EFBC}") = "SemataryFabrick.Domain", "SemataryFabrick.Domain\SemataryFabrick.Domain.csproj", "{C46CC449-6098-455E-883D-94DECCFEBFFC}"
EndProject
Project("{FAE04EC0-301F-11D3-BF4B-00C04F79EFBC}") = "SemataryFabrick.Persistance", "SemataryFabrick.Persistance\SemataryFabrick.Persistance.csproj", "{6CB1FF46-5B27-45AD-A244-FC8F824BC82B}"
EndProject
Project("{FAE04EC0-301F-11D3-BF4B-00C04F79EFBC}") = "SemataryFabrick.Application", "SemataryFabrick.Application\SemataryFabrick.Application.csproj", "{5B51F137-60D4-49DE-AF55-B27AD3CA9CD9}"
EndProject
Global
	GlobalSection(SolutionConfigurationPlatforms) = preSolution
		Debug|Any CPU = Debug|Any CPU
		Release|Any CPU = Release|Any CPU
	EndGlobalSection
	GlobalSection(ProjectConfigurationPlatforms) = postSolution
		{7BE61D5C-F4A8-4CB0-953C-1904ED6A7874}.Debug|Any CPU.ActiveCfg = Debug|Any CPU
		{7BE61D5C-F4A8-4CB0-953C-1904ED6A7874}.Debug|Any CPU.Build.0 = Debug|Any CPU
		{7BE61D5C-F4A8-4CB0-953C-1904ED6A7874}.Release|Any CPU.ActiveCfg = Release|Any CPU
		{7BE61D5C-F4A8-4CB0-953C-1904ED6A7874}.Release|Any CPU.Build.0 = Release|Any CPU
		{A2394593-577C-4AFE-B4E4-1A521CA42495}.Debug|Any CPU.ActiveCfg = Debug|Any CPU
		{A2394593-577C-4AFE-B4E4-1A521CA42495}.Debug|Any CPU.Build.0 = Debug|Any CPU
		{A2394593-577C-4AFE-B4E4-1A521CA42495}.Release|Any CPU.ActiveCfg = Release|Any CPU
		{A2394593-577C-4AFE-B4E4-1A521CA42495}.Release|Any CPU.Build.0 = Release|Any CPU
		{C46CC449-6098-455E-883D-94DECCFEBFFC}.Debug|Any CPU.ActiveCfg = Debug|Any CPU
		{C46CC449-6098-455E-883D-94DECCFEBFFC}.Debug|Any CPU.Build.0 = Debug|Any CPU
		{C46CC449-6098-455E-883D-94DECCFEBFFC}.Release|Any CPU.ActiveCfg = Release|Any CPU
		{C46CC449-6098-455E-883D-94DECCFEBFFC}.Release|Any CPU.Build.0 = Release|Any CPU
		{6CB1FF46-5B27-45AD-A244-FC8F824BC82B}.Debug|Any CPU.ActiveCfg = Debug|Any CPU
		{6CB1FF46-5B27-45AD-A244-FC8F824BC82B}.Debug|Any CPU.Build.0 = Debug|Any CPU
		{6CB1FF46-5B27-45AD-A244-FC8F824BC82B}.Release|Any CPU.ActiveCfg = Release|Any CPU
		{6CB1FF46-5B27-45AD-A244-FC8F824BC82B}.Release|Any CPU.Build.0 = Release|Any CPU
		{5B51F137-60D4-49DE-AF55-B27AD3CA9CD9}.Debug|Any CPU.ActiveCfg = Debug|Any CPU
		{5B51F137-60D4-49DE-AF55-B27AD3CA9CD9}.Debug|Any CPU.Build.0 = Debug|Any CPU
		{5B51F137-60D4-49DE-AF55-B27AD3CA9CD9}.Release|Any CPU.ActiveCfg = Release|Any CPU
		{5B51F137-60D4-49DE-AF55-B27AD3CA9CD9}.Release|Any CPU.Build.0 = Release|Any CPU
	EndGlobalSection
	GlobalSection(SolutionProperties) = preSolution
		HideSolutionNode = FALSE
	EndGlobalSection
EndGlobal
